
Microsoft Visual Studio Solution File, Format Version 12.00
# Visual Studio 15
VisualStudioVersion = 15.0.26403.7
MinimumVisualStudioVersion = 10.0.40219.1
Project("{FAE04EC0-301F-11D3-BF4B-00C04F79EFBC}") = "VDesk", "VDesk\VDesk.csproj", "{7B6874C1-48E1-4C04-8132-888495CA8EF5}"
EndProject
Project("{930C7802-8A8C-48F9-8165-68863BCCD9DD}") = "VDeskSetup", "VDeskSetup\VDeskSetup.wixproj", "{9CDEF1D3-5D5F-491B-88A9-97AAD15CAB05}"
	ProjectSection(ProjectDependencies) = postProject
		{7B6874C1-48E1-4C04-8132-888495CA8EF5} = {7B6874C1-48E1-4C04-8132-888495CA8EF5}
	EndProjectSection
EndProject
Global
	GlobalSection(SolutionConfigurationPlatforms) = preSolution
		Debug|Any CPU = Debug|Any CPU
		Debug|x64 = Debug|x64
		Debug|x86 = Debug|x86
		Release|Any CPU = Release|Any CPU
		Release|x64 = Release|x64
		Release|x86 = Release|x86
	EndGlobalSection
	GlobalSection(ProjectConfigurationPlatforms) = postSolution
		{7B6874C1-48E1-4C04-8132-888495CA8EF5}.Debug|Any CPU.ActiveCfg = Debug|Any CPU
		{7B6874C1-48E1-4C04-8132-888495CA8EF5}.Debug|Any CPU.Build.0 = Debug|Any CPU
		{7B6874C1-48E1-4C04-8132-888495CA8EF5}.Debug|x64.ActiveCfg = Debug|x64
		{7B6874C1-48E1-4C04-8132-888495CA8EF5}.Debug|x64.Build.0 = Debug|x64
		{7B6874C1-48E1-4C04-8132-888495CA8EF5}.Debug|x86.ActiveCfg = Debug|Any CPU
		{7B6874C1-48E1-4C04-8132-888495CA8EF5}.Debug|x86.Build.0 = Debug|Any CPU
		{7B6874C1-48E1-4C04-8132-888495CA8EF5}.Release|Any CPU.ActiveCfg = Release|Any CPU
		{7B6874C1-48E1-4C04-8132-888495CA8EF5}.Release|Any CPU.Build.0 = Release|Any CPU
		{7B6874C1-48E1-4C04-8132-888495CA8EF5}.Release|x64.ActiveCfg = Release|x64
		{7B6874C1-48E1-4C04-8132-888495CA8EF5}.Release|x64.Build.0 = Release|x64
		{7B6874C1-48E1-4C04-8132-888495CA8EF5}.Release|x86.ActiveCfg = Release|Any CPU
		{7B6874C1-48E1-4C04-8132-888495CA8EF5}.Release|x86.Build.0 = Release|Any CPU
		{9CDEF1D3-5D5F-491B-88A9-97AAD15CAB05}.Debug|Any CPU.ActiveCfg = Debug|x86
		{9CDEF1D3-5D5F-491B-88A9-97AAD15CAB05}.Debug|Any CPU.Build.0 = Debug|x86
		{9CDEF1D3-5D5F-491B-88A9-97AAD15CAB05}.Debug|x64.ActiveCfg = Debug|x86
		{9CDEF1D3-5D5F-491B-88A9-97AAD15CAB05}.Debug|x86.ActiveCfg = Debug|x86
		{9CDEF1D3-5D5F-491B-88A9-97AAD15CAB05}.Debug|x86.Build.0 = Debug|x86
		{9CDEF1D3-5D5F-491B-88A9-97AAD15CAB05}.Release|Any CPU.ActiveCfg = Release|x86
		{9CDEF1D3-5D5F-491B-88A9-97AAD15CAB05}.Release|x64.ActiveCfg = Release|x86
		{9CDEF1D3-5D5F-491B-88A9-97AAD15CAB05}.Release|x86.ActiveCfg = Release|x86
		{9CDEF1D3-5D5F-491B-88A9-97AAD15CAB05}.Release|x86.Build.0 = Release|x86
	EndGlobalSection
	GlobalSection(SolutionProperties) = preSolution
		HideSolutionNode = FALSE
	EndGlobalSection
EndGlobal
