
Microsoft Visual Studio Solution File, Format Version 12.00
# Visual Studio 15
VisualStudioVersion = 15.0.26730.16
MinimumVisualStudioVersion = 10.0.40219.1
Project("{FAE04EC0-301F-11D3-BF4B-00C04F79EFBC}") = "VDesk", "VDesk\VDesk.csproj", "{B50ECB11-525C-4629-9C2D-0E33CEB18015}"
EndProject
Project("{FAE04EC0-301F-11D3-BF4B-00C04F79EFBC}") = "VDeskTests", "VDeskTests\VDeskTests.csproj", "{6A3543B1-68E0-48EC-B43B-DAB60EB134FF}"
EndProject
Project("{FAE04EC0-301F-11D3-BF4B-00C04F79EFBC}") = "VirtualDesktop", "VirtualDesktop\src\VirtualDesktop\VirtualDesktop.csproj", "{839758F4-E760-4D1A-86BE-B7C19DCC6040}"
EndProject
Global
	GlobalSection(SolutionConfigurationPlatforms) = preSolution
		Debug|Any CPU = Debug|Any CPU
		Debug|x64 = Debug|x64
		Debug|x86 = Debug|x86
		Release|Any CPU = Release|Any CPU
		Release|x64 = Release|x64
		Release|x86 = Release|x86
	EndGlobalSection
	GlobalSection(ProjectConfigurationPlatforms) = postSolution
		{B50ECB11-525C-4629-9C2D-0E33CEB18015}.Debug|Any CPU.ActiveCfg = Debug|Any CPU
		{B50ECB11-525C-4629-9C2D-0E33CEB18015}.Debug|Any CPU.Build.0 = Debug|Any CPU
		{B50ECB11-525C-4629-9C2D-0E33CEB18015}.Debug|x64.ActiveCfg = Debug|Any CPU
		{B50ECB11-525C-4629-9C2D-0E33CEB18015}.Debug|x64.Build.0 = Debug|Any CPU
		{B50ECB11-525C-4629-9C2D-0E33CEB18015}.Debug|x86.ActiveCfg = Debug|Any CPU
		{B50ECB11-525C-4629-9C2D-0E33CEB18015}.Debug|x86.Build.0 = Debug|Any CPU
		{B50ECB11-525C-4629-9C2D-0E33CEB18015}.Release|Any CPU.ActiveCfg = Release|Any CPU
		{B50ECB11-525C-4629-9C2D-0E33CEB18015}.Release|Any CPU.Build.0 = Release|Any CPU
		{B50ECB11-525C-4629-9C2D-0E33CEB18015}.Release|x64.ActiveCfg = Release|Any CPU
		{B50ECB11-525C-4629-9C2D-0E33CEB18015}.Release|x64.Build.0 = Release|Any CPU
		{B50ECB11-525C-4629-9C2D-0E33CEB18015}.Release|x86.ActiveCfg = Release|Any CPU
		{B50ECB11-525C-4629-9C2D-0E33CEB18015}.Release|x86.Build.0 = Release|Any CPU
		{6A3543B1-68E0-48EC-B43B-DAB60EB134FF}.Debug|Any CPU.ActiveCfg = Debug|Any CPU
		{6A3543B1-68E0-48EC-B43B-DAB60EB134FF}.Debug|Any CPU.Build.0 = Debug|Any CPU
		{6A3543B1-68E0-48EC-B43B-DAB60EB134FF}.Debug|x64.ActiveCfg = Debug|Any CPU
		{6A3543B1-68E0-48EC-B43B-DAB60EB134FF}.Debug|x64.Build.0 = Debug|Any CPU
		{6A3543B1-68E0-48EC-B43B-DAB60EB134FF}.Debug|x86.ActiveCfg = Debug|Any CPU
		{6A3543B1-68E0-48EC-B43B-DAB60EB134FF}.Debug|x86.Build.0 = Debug|Any CPU
		{6A3543B1-68E0-48EC-B43B-DAB60EB134FF}.Release|Any CPU.ActiveCfg = Release|Any CPU
		{6A3543B1-68E0-48EC-B43B-DAB60EB134FF}.Release|Any CPU.Build.0 = Release|Any CPU
		{6A3543B1-68E0-48EC-B43B-DAB60EB134FF}.Release|x64.ActiveCfg = Release|Any CPU
		{6A3543B1-68E0-48EC-B43B-DAB60EB134FF}.Release|x64.Build.0 = Release|Any CPU
		{6A3543B1-68E0-48EC-B43B-DAB60EB134FF}.Release|x86.ActiveCfg = Release|Any CPU
		{6A3543B1-68E0-48EC-B43B-DAB60EB134FF}.Release|x86.Build.0 = Release|Any CPU
		{839758F4-E760-4D1A-86BE-B7C19DCC6040}.Debug|Any CPU.ActiveCfg = Debug|Any CPU
		{839758F4-E760-4D1A-86BE-B7C19DCC6040}.Debug|Any CPU.Build.0 = Debug|Any CPU
		{839758F4-E760-4D1A-86BE-B7C19DCC6040}.Debug|x64.ActiveCfg = Debug|Any CPU
		{839758F4-E760-4D1A-86BE-B7C19DCC6040}.Debug|x64.Build.0 = Debug|Any CPU
		{839758F4-E760-4D1A-86BE-B7C19DCC6040}.Debug|x86.ActiveCfg = Debug|Any CPU
		{839758F4-E760-4D1A-86BE-B7C19DCC6040}.Debug|x86.Build.0 = Debug|Any CPU
		{839758F4-E760-4D1A-86BE-B7C19DCC6040}.Release|Any CPU.ActiveCfg = Release|Any CPU
		{839758F4-E760-4D1A-86BE-B7C19DCC6040}.Release|Any CPU.Build.0 = Release|Any CPU
		{839758F4-E760-4D1A-86BE-B7C19DCC6040}.Release|x64.ActiveCfg = Release|Any CPU
		{839758F4-E760-4D1A-86BE-B7C19DCC6040}.Release|x64.Build.0 = Release|Any CPU
		{839758F4-E760-4D1A-86BE-B7C19DCC6040}.Release|x86.ActiveCfg = Release|Any CPU
		{839758F4-E760-4D1A-86BE-B7C19DCC6040}.Release|x86.Build.0 = Release|Any CPU
	EndGlobalSection
	GlobalSection(SolutionProperties) = preSolution
		HideSolutionNode = FALSE
	EndGlobalSection
	GlobalSection(ExtensibilityGlobals) = postSolution
		SolutionGuid = {F48EC4C2-3608-48E3-B72A-88268E81AA36}
	EndGlobalSection
EndGlobal
